
Microsoft Visual Studio Solution File, Format Version 12.00
Project("{FAE04EC0-301F-11D3-BF4B-00C04F79EFBC}") = "LoLProximityChat.Core", "LoLProximityChat.Core\LoLProximityChat.Core.csproj", "{71467F4F-5859-4475-B747-B69427C4BD72}"
EndProject
Project("{FAE04EC0-301F-11D3-BF4B-00C04F79EFBC}") = "LoLProximityChat.WPF", "LoLProximityChat.WPF\LoLProximityChat.WPF.csproj", "{96F5AD48-D64C-4B56-A815-B84525CEC9D3}"
EndProject
Project("{FAE04EC0-301F-11D3-BF4B-00C04F79EFBC}") = "LoLProximityChat.Server", "LoLProximityChat.Server\LoLProximityChat.Server.csproj", "{E30DBEC4-E3E9-41E9-8502-8D46ABF1E645}"
EndProject
Project("{FAE04EC0-301F-11D3-BF4B-00C04F79EFBC}") = "LoLProximityChat.FakePlayer", "LoLProximityChat.FakePlayer\LoLProximityChat.FakePlayer.csproj", "{C9DD266D-7F40-457C-8BF0-E86069B6C304}"
EndProject
Global
	GlobalSection(SolutionConfigurationPlatforms) = preSolution
		Debug|Any CPU = Debug|Any CPU
		Release|Any CPU = Release|Any CPU
	EndGlobalSection
	GlobalSection(ProjectConfigurationPlatforms) = postSolution
		{71467F4F-5859-4475-B747-B69427C4BD72}.Debug|Any CPU.ActiveCfg = Debug|Any CPU
		{71467F4F-5859-4475-B747-B69427C4BD72}.Debug|Any CPU.Build.0 = Debug|Any CPU
		{71467F4F-5859-4475-B747-B69427C4BD72}.Release|Any CPU.ActiveCfg = Release|Any CPU
		{71467F4F-5859-4475-B747-B69427C4BD72}.Release|Any CPU.Build.0 = Release|Any CPU
		{96F5AD48-D64C-4B56-A815-B84525CEC9D3}.Debug|Any CPU.ActiveCfg = Debug|Any CPU
		{96F5AD48-D64C-4B56-A815-B84525CEC9D3}.Debug|Any CPU.Build.0 = Debug|Any CPU
		{96F5AD48-D64C-4B56-A815-B84525CEC9D3}.Release|Any CPU.ActiveCfg = Release|Any CPU
		{96F5AD48-D64C-4B56-A815-B84525CEC9D3}.Release|Any CPU.Build.0 = Release|Any CPU
		{E30DBEC4-E3E9-41E9-8502-8D46ABF1E645}.Debug|Any CPU.ActiveCfg = Debug|Any CPU
		{E30DBEC4-E3E9-41E9-8502-8D46ABF1E645}.Debug|Any CPU.Build.0 = Debug|Any CPU
		{E30DBEC4-E3E9-41E9-8502-8D46ABF1E645}.Release|Any CPU.ActiveCfg = Release|Any CPU
		{E30DBEC4-E3E9-41E9-8502-8D46ABF1E645}.Release|Any CPU.Build.0 = Release|Any CPU
		{C9DD266D-7F40-457C-8BF0-E86069B6C304}.Debug|Any CPU.ActiveCfg = Debug|Any CPU
		{C9DD266D-7F40-457C-8BF0-E86069B6C304}.Debug|Any CPU.Build.0 = Debug|Any CPU
		{C9DD266D-7F40-457C-8BF0-E86069B6C304}.Release|Any CPU.ActiveCfg = Release|Any CPU
		{C9DD266D-7F40-457C-8BF0-E86069B6C304}.Release|Any CPU.Build.0 = Release|Any CPU
	EndGlobalSection
EndGlobal
